
Microsoft Visual Studio Solution File, Format Version 12.00
# Visual Studio Version 16
VisualStudioVersion = 16.0.30320.27
MinimumVisualStudioVersion = 10.0.40219.1
Project("{9A19103F-16F7-4668-BE54-9A1E7A4F7556}") = "DoAn_NMLT_20880106", "DoAn_NMLT_20880106\DoAn_NMLT_20880106.csproj", "{D80E525F-76BB-4972-9F5F-24414F6A3457}"
EndProject
Global
	GlobalSection(SolutionConfigurationPlatforms) = preSolution
		Debug|Any CPU = Debug|Any CPU
		Release|Any CPU = Release|Any CPU
	EndGlobalSection
	GlobalSection(ProjectConfigurationPlatforms) = postSolution
		{D80E525F-76BB-4972-9F5F-24414F6A3457}.Debug|Any CPU.ActiveCfg = Debug|Any CPU
		{D80E525F-76BB-4972-9F5F-24414F6A3457}.Debug|Any CPU.Build.0 = Debug|Any CPU
		{D80E525F-76BB-4972-9F5F-24414F6A3457}.Release|Any CPU.ActiveCfg = Release|Any CPU
		{D80E525F-76BB-4972-9F5F-24414F6A3457}.Release|Any CPU.Build.0 = Release|Any CPU
	EndGlobalSection
	GlobalSection(SolutionProperties) = preSolution
		HideSolutionNode = FALSE
	EndGlobalSection
	GlobalSection(ExtensibilityGlobals) = postSolution
		SolutionGuid = {8B31E900-0F72-416C-9A5D-80C250363F13}
	EndGlobalSection
EndGlobal
